lockfileVersion: '6.0'

settings:
  autoInstallPeers: true
  excludeLinksFromLockfile: false

dependencies:
  '@powersync/web':
    specifier: 0.6.0
    version: 0.6.0(@journeyapps/wa-sqlite@0.2.0)

devDependencies:
  esbuild:
    specifier: ^0.21.1
    version: 0.21.1
  zx:
    specifier: ^8.0.2
    version: 8.0.2

packages:

  /@esbuild/aix-ppc64@0.21.1:
    resolution: {integrity: sha512-O7yppwipkXvnEPjzkSXJRk2g4bS8sUx9p9oXHq9MU/U7lxUzZVsnFZMDTmeeX9bfQxrFcvOacl/ENgOh0WP9pA==}
    engines: {node: '>=12'}
    cpu: [ppc64]
    os: [aix]
    requiresBuild: true
    dev: true
    optional: true

  /@esbuild/android-arm64@0.21.1:
    resolution: {integrity: sha512-jXhccq6es+onw7x8MxoFnm820mz7sGa9J14kLADclmiEUH4fyj+FjR6t0M93RgtlI/awHWhtF0Wgfhqgf9gDZA==}
    engines: {node: '>=12'}
    cpu: [arm64]
    os: [android]
    requiresBuild: true
    dev: true
    optional: true

  /@esbuild/android-arm@0.21.1:
    resolution: {integrity: sha512-hh3jKWikdnTtHCglDAeVO3Oyh8MaH8xZUaWMiCCvJ9/c3NtPqZq+CACOlGTxhddypXhl+8B45SeceYBfB/e8Ow==}
    engines: {node: '>=12'}
    cpu: [arm]
    os: [android]
    requiresBuild: true
    dev: true
    optional: true

  /@esbuild/android-x64@0.21.1:
    resolution: {integrity: sha512-NPObtlBh4jQHE01gJeucqEhdoD/4ya2owSIS8lZYS58aR0x7oZo9lB2lVFxgTANSa5MGCBeoQtr+yA9oKCGPvA==}
    engines: {node: '>=12'}
    cpu: [x64]
    os: [android]
    requiresBuild: true
    dev: true
    optional: true

  /@esbuild/darwin-arm64@0.21.1:
    resolution: {integrity: sha512-BLT7TDzqsVlQRmJfO/FirzKlzmDpBWwmCUlyggfzUwg1cAxVxeA4O6b1XkMInlxISdfPAOunV9zXjvh5x99Heg==}
    engines: {node: '>=12'}
    cpu: [arm64]
    os: [darwin]
    requiresBuild: true
    dev: true
    optional: true

  /@esbuild/darwin-x64@0.21.1:
    resolution: {integrity: sha512-D3h3wBQmeS/vp93O4B+SWsXB8HvRDwMyhTNhBd8yMbh5wN/2pPWRW5o/hM3EKgk9bdKd9594lMGoTCTiglQGRQ==}
    engines: {node: '>=12'}
    cpu: [x64]
    os: [darwin]
    requiresBuild: true
    dev: true
    optional: true

  /@esbuild/freebsd-arm64@0.21.1:
    resolution: {integrity: sha512-/uVdqqpNKXIxT6TyS/oSK4XE4xWOqp6fh4B5tgAwozkyWdylcX+W4YF2v6SKsL4wCQ5h1bnaSNjWPXG/2hp8AQ==}
    engines: {node: '>=12'}
    cpu: [arm64]
    os: [freebsd]
    requiresBuild: true
    dev: true
    optional: true

  /@esbuild/freebsd-x64@0.21.1:
    resolution: {integrity: sha512-paAkKN1n1jJitw+dAoR27TdCzxRl1FOEITx3h201R6NoXUojpMzgMLdkXVgCvaCSCqwYkeGLoe9UVNRDKSvQgw==}
    engines: {node: '>=12'}
    cpu: [x64]
    os: [freebsd]
    requiresBuild: true
    dev: true
    optional: true

  /@esbuild/linux-arm64@0.21.1:
    resolution: {integrity: sha512-G65d08YoH00TL7Xg4LaL3gLV21bpoAhQ+r31NUu013YB7KK0fyXIt05VbsJtpqh/6wWxoLJZOvQHYnodRrnbUQ==}
    engines: {node: '>=12'}
    cpu: [arm64]
    os: [linux]
    requiresBuild: true
    dev: true
    optional: true

  /@esbuild/linux-arm@0.21.1:
    resolution: {integrity: sha512-tRHnxWJnvNnDpNVnsyDhr1DIQZUfCXlHSCDohbXFqmg9W4kKR7g8LmA3kzcwbuxbRMKeit8ladnCabU5f2traA==}
    engines: {node: '>=12'}
    cpu: [arm]
    os: [linux]
    requiresBuild: true
    dev: true
    optional: true

  /@esbuild/linux-ia32@0.21.1:
    resolution: {integrity: sha512-tt/54LqNNAqCz++QhxoqB9+XqdsaZOtFD/srEhHYwBd3ZUOepmR1Eeot8bS+Q7BiEvy9vvKbtpHf+r6q8hF5UA==}
    engines: {node: '>=12'}
    cpu: [ia32]
    os: [linux]
    requiresBuild: true
    dev: true
    optional: true

  /@esbuild/linux-loong64@0.21.1:
    resolution: {integrity: sha512-MhNalK6r0nZD0q8VzUBPwheHzXPr9wronqmZrewLfP7ui9Fv1tdPmg6e7A8lmg0ziQCziSDHxh3cyRt4YMhGnQ==}
    engines: {node: '>=12'}
    cpu: [loong64]
    os: [linux]
    requiresBuild: true
    dev: true
    optional: true

  /@esbuild/linux-mips64el@0.21.1:
    resolution: {integrity: sha512-YCKVY7Zen5rwZV+nZczOhFmHaeIxR4Zn3jcmNH53LbgF6IKRwmrMywqDrg4SiSNApEefkAbPSIzN39FC8VsxPg==}
    engines: {node: '>=12'}
    cpu: [mips64el]
    os: [linux]
    requiresBuild: true
    dev: true
    optional: true

  /@esbuild/linux-ppc64@0.21.1:
    resolution: {integrity: sha512-bw7bcQ+270IOzDV4mcsKAnDtAFqKO0jVv3IgRSd8iM0ac3L8amvCrujRVt1ajBTJcpDaFhIX+lCNRKteoDSLig==}
    engines: {node: '>=12'}
    cpu: [ppc64]
    os: [linux]
    requiresBuild: true
    dev: true
    optional: true

  /@esbuild/linux-riscv64@0.21.1:
    resolution: {integrity: sha512-ARmDRNkcOGOm1AqUBSwRVDfDeD9hGYRfkudP2QdoonBz1ucWVnfBPfy7H4JPI14eYtZruRSczJxyu7SRYDVOcg==}
    engines: {node: '>=12'}
    cpu: [riscv64]
    os: [linux]
    requiresBuild: true
    dev: true
    optional: true

  /@esbuild/linux-s390x@0.21.1:
    resolution: {integrity: sha512-o73TcUNMuoTZlhwFdsgr8SfQtmMV58sbgq6gQq9G1xUiYnHMTmJbwq65RzMx89l0iya69lR4bxBgtWiiOyDQZA==}
    engines: {node: '>=12'}
    cpu: [s390x]
    os: [linux]
    requiresBuild: true
    dev: true
    optional: true

  /@esbuild/linux-x64@0.21.1:
    resolution: {integrity: sha512-da4/1mBJwwgJkbj4fMH7SOXq2zapgTo0LKXX1VUZ0Dxr+e8N0WbS80nSZ5+zf3lvpf8qxrkZdqkOqFfm57gXwA==}
    engines: {node: '>=12'}
    cpu: [x64]
    os: [linux]
    requiresBuild: true
    dev: true
    optional: true

  /@esbuild/netbsd-x64@0.21.1:
    resolution: {integrity: sha512-CPWs0HTFe5woTJN5eKPvgraUoRHrCtzlYIAv9wBC+FAyagBSaf+UdZrjwYyTGnwPGkThV4OCI7XibZOnPvONVw==}
    engines: {node: '>=12'}
    cpu: [x64]
    os: [netbsd]
    requiresBuild: true
    dev: true
    optional: true

  /@esbuild/openbsd-x64@0.21.1:
    resolution: {integrity: sha512-xxhTm5QtzNLc24R0hEkcH+zCx/o49AsdFZ0Cy5zSd/5tOj4X2g3/2AJB625NoadUuc4A8B3TenLJoYdWYOYCew==}
    engines: {node: '>=12'}
    cpu: [x64]
    os: [openbsd]
    requiresBuild: true
    dev: true
    optional: true

  /@esbuild/sunos-x64@0.21.1:
    resolution: {integrity: sha512-CWibXszpWys1pYmbr9UiKAkX6x+Sxw8HWtw1dRESK1dLW5fFJ6rMDVw0o8MbadusvVQx1a8xuOxnHXT941Hp1A==}
    engines: {node: '>=12'}
    cpu: [x64]
    os: [sunos]
    requiresBuild: true
    dev: true
    optional: true

  /@esbuild/win32-arm64@0.21.1:
    resolution: {integrity: sha512-jb5B4k+xkytGbGUS4T+Z89cQJ9DJ4lozGRSV+hhfmCPpfJ3880O31Q1srPCimm+V6UCbnigqD10EgDNgjvjerQ==}
    engines: {node: '>=12'}
    cpu: [arm64]
    os: [win32]
    requiresBuild: true
    dev: true
    optional: true

  /@esbuild/win32-ia32@0.21.1:
    resolution: {integrity: sha512-PgyFvjJhXqHn1uxPhyN1wZ6dIomKjiLUQh1LjFvjiV1JmnkZ/oMPrfeEAZg5R/1ftz4LZWZr02kefNIQ5SKREQ==}
    engines: {node: '>=12'}
    cpu: [ia32]
    os: [win32]
    requiresBuild: true
    dev: true
    optional: true

  /@esbuild/win32-x64@0.21.1:
    resolution: {integrity: sha512-W9NttRZQR5ehAiqHGDnvfDaGmQOm6Fi4vSlce8mjM75x//XKuVAByohlEX6N17yZnVXxQFuh4fDRunP8ca6bfA==}
    engines: {node: '>=12'}
    cpu: [x64]
    os: [win32]
    requiresBuild: true
    dev: true
    optional: true

  /@journeyapps/wa-sqlite@0.2.0:
    resolution: {integrity: sha512-cZ0n1p4tteouancHulODtR3VChjp/teYhGQkAw4cCmeFytu+OcLTaMLhvFcUVoZdIT9LEu2hait/UTHx/ZaNHw==}
    dev: false

  /@powersync/common@1.8.0:
    resolution: {integrity: sha512-9tuZGSTZfe3TyqCk5a7iYa4Q8aazzOdfLfniY1EEBux2h7P6dONd+MNdA7gGwI/EgJoIiVb/OIIcfGnWN5LGdQ==}
    dependencies:
      async-mutex: 0.4.1
      bson: 6.7.0
      buffer: 6.0.3
      can-ndjson-stream: 1.0.2
      cross-fetch: 4.0.0
      event-iterator: 2.0.0
      js-logger: 1.6.1
      lodash: 4.17.21
      rsocket-core: 1.0.0-alpha.3
      rsocket-websocket-client: 1.0.0-alpha.3
    transitivePeerDependencies:
      - encoding
    dev: false

  /@powersync/web@0.6.0(@journeyapps/wa-sqlite@0.2.0):
    resolution: {integrity: sha512-27/FI/KnkI6Lniw9w6UqFdJflu6aix82r79jkZw8s92bZ2fu+mY4NcPabgYJMn12WJgfd3KEECtu+8oyGvfrMA==}
    peerDependencies:
      '@journeyapps/wa-sqlite': ~0.2.0
    dependencies:
      '@journeyapps/wa-sqlite': 0.2.0
      '@powersync/common': 1.8.0
      async-mutex: 0.4.1
      buffer: 6.0.3
      comlink: 4.4.1
      js-logger: 1.6.1
      lodash: 4.17.21
    transitivePeerDependencies:
      - encoding
    dev: false

  /@types/fs-extra@11.0.4:
    resolution: {integrity: sha512-yTbItCNreRooED33qjunPthRcSjERP1r4MqCZc7wv0u2sUkzTFp45tgUfS5+r7FrZPdmCCNflLhVSP/o+SemsQ==}
    requiresBuild: true
    dependencies:
      '@types/jsonfile': 6.1.4
      '@types/node': 20.12.10
    dev: true
    optional: true

  /@types/jsonfile@6.1.4:
    resolution: {integrity: sha512-D5qGUYwjvnNNextdU59/+fI+spnwtTFmyQP0h+PfIOSkNfpU6AOICUOkm4i0OnSk+NyjdPJrxCDro0sJsWlRpQ==}
    requiresBuild: true
    dependencies:
      '@types/node': 20.12.10
    dev: true
    optional: true

  /@types/node@20.12.10:
    resolution: {integrity: sha512-Eem5pH9pmWBHoGAT8Dr5fdc5rYA+4NAovdM4EktRPVAAiJhmWWfQrA0cFhAbOsQdSfIHjAud6YdkbL69+zSKjw==}
    requiresBuild: true
    dependencies:
      undici-types: 5.26.5
    dev: true
    optional: true

  /async-mutex@0.4.1:
    resolution: {integrity: sha512-WfoBo4E/TbCX1G95XTjbWTE3X2XLG0m1Xbv2cwOtuPdyH9CZvnaA5nCt1ucjaKEgW2A5IF71hxrRhr83Je5xjA==}
    dependencies:
      tslib: 2.6.2
    dev: false

  /base64-js@1.5.1:
    resolution: {integrity: sha512-AKpaYlHn8t4SVbOHCy+b5+KKgvR4vrsD8vbvrbiQJps7fKDTkjkDry6ji0rUJjC0kzbNePLwzxq8iypo41qeWA==}
    dev: false

  /bson@6.7.0:
    resolution: {integrity: sha512-w2IquM5mYzYZv6rs3uN2DZTOBe2a0zXLj53TGDqwF4l6Sz/XsISrisXOJihArF9+BZ6Cq/GjVht7Sjfmri7ytQ==}
    engines: {node: '>=16.20.1'}
    dev: false

  /buffer@6.0.3:
    resolution: {integrity: sha512-FTiCpNxtwiZZHEZbcbTIcZjERVICn9yq/pDFkTl95/AxzD1naBctN7YO68riM/gLSDY7sdrMby8hofADYuuqOA==}
    dependencies:
      base64-js: 1.5.1
      ieee754: 1.2.1
    dev: false

  /can-namespace@1.0.0:
    resolution: {integrity: sha512-1sBY/SLwwcmxz3NhyVhLjt2uD/dZ7V1mII82/MIXSDn5QXnslnosJnjlP8+yTx2uTCRvw1jlFDElRs4pX7AG5w==}
    dev: false

  /can-ndjson-stream@1.0.2:
    resolution: {integrity: sha512-//tM8wcTV42SyD1JGua7WMVftZEeTwapcHJTTe3vJwuVywXD01CJbdEkgwRYjy2evIByVJV21ZKBdSv5ygIw1w==}
    dependencies:
      can-namespace: 1.0.0
    dev: false

  /comlink@4.4.1:
    resolution: {integrity: sha512-+1dlx0aY5Jo1vHy/tSsIGpSkN4tS9rZSW8FIhG0JH/crs9wwweswIo/POr451r7bZww3hFbPAKnTpimzL/mm4Q==}
    dev: false

  /cross-fetch@4.0.0:
    resolution: {integrity: sha512-e4a5N8lVvuLgAWgnCrLr2PP0YyDOTHa9H/Rj54dirp61qXnNq46m82bRhNqIA5VccJtWBvPTFRV3TtvHUKPB1g==}
    dependencies:
      node-fetch: 2.7.0
    transitivePeerDependencies:
      - encoding
    dev: false

  /esbuild@0.21.1:
    resolution: {integrity: sha512-GPqx+FX7mdqulCeQ4TsGZQ3djBJkx5k7zBGtqt9ycVlWNg8llJ4RO9n2vciu8BN2zAEs6lPbPl0asZsAh7oWzg==}
    engines: {node: '>=12'}
    hasBin: true
    requiresBuild: true
    optionalDependencies:
      '@esbuild/aix-ppc64': 0.21.1
      '@esbuild/android-arm': 0.21.1
      '@esbuild/android-arm64': 0.21.1
      '@esbuild/android-x64': 0.21.1
      '@esbuild/darwin-arm64': 0.21.1
      '@esbuild/darwin-x64': 0.21.1
      '@esbuild/freebsd-arm64': 0.21.1
      '@esbuild/freebsd-x64': 0.21.1
      '@esbuild/linux-arm': 0.21.1
      '@esbuild/linux-arm64': 0.21.1
      '@esbuild/linux-ia32': 0.21.1
      '@esbuild/linux-loong64': 0.21.1
      '@esbuild/linux-mips64el': 0.21.1
      '@esbuild/linux-ppc64': 0.21.1
      '@esbuild/linux-riscv64': 0.21.1
      '@esbuild/linux-s390x': 0.21.1
      '@esbuild/linux-x64': 0.21.1
      '@esbuild/netbsd-x64': 0.21.1
      '@esbuild/openbsd-x64': 0.21.1
      '@esbuild/sunos-x64': 0.21.1
      '@esbuild/win32-arm64': 0.21.1
      '@esbuild/win32-ia32': 0.21.1
      '@esbuild/win32-x64': 0.21.1
    dev: true

  /event-iterator@2.0.0:
    resolution: {integrity: sha512-KGft0ldl31BZVV//jj+IAIGCxkvvUkkON+ScH6zfoX+l+omX6001ggyRSpI0Io2Hlro0ThXotswCtfzS8UkIiQ==}
    dev: false

  /ieee754@1.2.1:
    resolution: {integrity: sha512-dcyqhDvX1C46lXZcVqCpK+FtMRQVdIMN6/Df5js2zouUsqG7I6sFxitIC+7KYK29KdXOLHdu9zL4sFnoVQnqaA==}
    dev: false

  /js-logger@1.6.1:
    resolution: {integrity: sha512-yTgMCPXVjhmg28CuUH8CKjU+cIKL/G+zTu4Fn4lQxs8mRFH/03QTNvEFngcxfg/gRDiQAOoyCKmMTOm9ayOzXA==}
    dev: false

  /lodash@4.17.21:
    resolution: {integrity: sha512-v2kDEe57lecTulaDIuNTPy3Ry4gLGJ6Z1O3vE1krgXZNrsQ+LFTGHVxVjcXPs17LhbZVGedAJv8XZ1tvj5FvSg==}
    dev: false

  /node-fetch@2.7.0:
    resolution: {integrity: sha512-c4FRfUm/dbcWZ7U+1Wq0AwCyFL+3nt2bEw05wfxSz+DWpWsitgmSgYmy2dQdWyKC1694ELPqMs/YzUSNozLt8A==}
    engines: {node: 4.x || >=6.0.0}
    peerDependencies:
      encoding: ^0.1.0
    peerDependenciesMeta:
      encoding:
        optional: true
    dependencies:
      whatwg-url: 5.0.0
    dev: false

  /rsocket-core@1.0.0-alpha.3:
    resolution: {integrity: sha512-BzIe2w8dFJlUS5N9fGUNRkxL19kd64bxbXsT11wj7isLfKkPZeNXisB2p/LWvSjFzWStnpOiScZ0g3/8ROE0pw==}
    dev: false

  /rsocket-websocket-client@1.0.0-alpha.3:
    resolution: {integrity: sha512-CwTwTNMGa8BKvrWde/kM3q8IHuzO8RCIfzuj25BsVe9y8eehDQHt4fXk0g1i/wpsxTm+RY6DxE6Vr5snozKVOg==}
    dependencies:
      rsocket-core: 1.0.0-alpha.3
    dev: false

  /tr46@0.0.3:
    resolution: {integrity: sha512-N3WMsuqV66lT30CrXNbEjx4GEwlow3v6rr4mCcv6prnfwhS01rkgyFdjPNBYd9br7LpXV1+Emh01fHnq2Gdgrw==}
    dev: false

  /tslib@2.6.2:
    resolution: {integrity: sha512-AEYxH93jGFPn/a2iVAwW87VuUIkR1FVUKB77NwMF7nBTDkDrrT/Hpt/IrCJ0QXhW27jTBDcf5ZY7w6RiqTMw2Q==}
    dev: false

  /undici-types@5.26.5:
    resolution: {integrity: sha512-JlCMO+ehdEIKqlFxk6IfVoAUVmgz7cU7zD/h9XZ0qzeosSHmUJVOzSQvvYSYWXkFXC+IfLKSIffhv0sVZup6pA==}
    requiresBuild: true
    dev: true
    optional: true

  /webidl-conversions@3.0.1:
    resolution: {integrity: sha512-2JAn3z8AR6rjK8Sm8orRC0h/bcl/DqL7tRPdGZ4I1CjdF+EaMLmYxBHyXuKL849eucPFhvBoxMsflfOb8kxaeQ==}
    dev: false

  /whatwg-url@5.0.0:
    resolution: {integrity: sha512-saE57nupxk6v3HY35+jzBwYa0rKSy0XR8JSxZPwgLr7ys0IBzhGviA1/TUGJLmSVqs8pb9AnvICXEuOHLprYTw==}
    dependencies:
      tr46: 0.0.3
      webidl-conversions: 3.0.1
    dev: false

  /zx@8.0.2:
    resolution: {integrity: sha512-3g+ePtPYmyrjRuASlJiUhkje1je4a47woML/fzTKBb9PA5BzRQbSswwyJ8nlFWJjA1ORRi6TMyAdhuz/jK+Gaw==}
    engines: {node: '>= 16.0.0'}
    hasBin: true
    optionalDependencies:
      '@types/fs-extra': 11.0.4
      '@types/node': 20.12.10
    dev: true
